
Microsoft Visual Studio Solution File, Format Version 12.00
# Visual Studio Version 17
VisualStudioVersion = 17.0.32014.148
MinimumVisualStudioVersion = 10.0.40219.1
Project("{9A19103F-16F7-4668-BE54-9A1E7A4F7556}") = "EstruturasCondicao", "EstruturasCondicao\EstruturasCondicao.csproj", "{E0ADA24B-14A9-4B72-B79B-E2A686E09208}"
EndProject
Project("{9A19103F-16F7-4668-BE54-9A1E7A4F7556}") = "EstruturasRepeticao", "EstruturasRepeticao\EstruturasRepeticao.csproj", "{26D41E7C-C394-41E1-B3EB-51FF17981E36}"
EndProject
Project("{9A19103F-16F7-4668-BE54-9A1E7A4F7556}") = "TrabalhandoComStrings", "TrabalhandoComStrings\TrabalhandoComStrings.csproj", "{EAC02368-FD80-4697-9D9C-B42C694CA9AE}"
EndProject
Project("{9A19103F-16F7-4668-BE54-9A1E7A4F7556}") = "ArraysEListas", "ArraysEListas\ArraysEListas.csproj", "{5D31A25B-16A4-4C37-BDA8-200E4F5C5AE7}"
EndProject
Project("{9A19103F-16F7-4668-BE54-9A1E7A4F7556}") = "Linq", "Linq\Linq.csproj", "{D5C57EA8-A03E-4814-9DBB-E4A0B69C531A}"
EndProject
Project("{9A19103F-16F7-4668-BE54-9A1E7A4F7556}") = "DateTime", "DateTime\DateTime.csproj", "{685231F4-E268-4FB6-802B-08746EE904C8}"
EndProject
Project("{9A19103F-16F7-4668-BE54-9A1E7A4F7556}") = "Diretorios", "Diretorios\Diretorios.csproj", "{1AAC9118-2795-471C-9577-D371D379F36F}"
EndProject
Project("{FAE04EC0-301F-11D3-BF4B-00C04F79EFBC}") = "Depuracao", "Depuracao\Depuracao.csproj", "{209D758E-3385-43D1-9937-15D5703A0DF0}"
EndProject
Global
	GlobalSection(SolutionConfigurationPlatforms) = preSolution
		Debug|Any CPU = Debug|Any CPU
		Release|Any CPU = Release|Any CPU
	EndGlobalSection
	GlobalSection(ProjectConfigurationPlatforms) = postSolution
		{E0ADA24B-14A9-4B72-B79B-E2A686E09208}.Debug|Any CPU.ActiveCfg = Debug|Any CPU
		{E0ADA24B-14A9-4B72-B79B-E2A686E09208}.Debug|Any CPU.Build.0 = Debug|Any CPU
		{E0ADA24B-14A9-4B72-B79B-E2A686E09208}.Release|Any CPU.ActiveCfg = Release|Any CPU
		{E0ADA24B-14A9-4B72-B79B-E2A686E09208}.Release|Any CPU.Build.0 = Release|Any CPU
		{26D41E7C-C394-41E1-B3EB-51FF17981E36}.Debug|Any CPU.ActiveCfg = Debug|Any CPU
		{26D41E7C-C394-41E1-B3EB-51FF17981E36}.Debug|Any CPU.Build.0 = Debug|Any CPU
		{26D41E7C-C394-41E1-B3EB-51FF17981E36}.Release|Any CPU.ActiveCfg = Release|Any CPU
		{26D41E7C-C394-41E1-B3EB-51FF17981E36}.Release|Any CPU.Build.0 = Release|Any CPU
		{EAC02368-FD80-4697-9D9C-B42C694CA9AE}.Debug|Any CPU.ActiveCfg = Debug|Any CPU
		{EAC02368-FD80-4697-9D9C-B42C694CA9AE}.Debug|Any CPU.Build.0 = Debug|Any CPU
		{EAC02368-FD80-4697-9D9C-B42C694CA9AE}.Release|Any CPU.ActiveCfg = Release|Any CPU
		{EAC02368-FD80-4697-9D9C-B42C694CA9AE}.Release|Any CPU.Build.0 = Release|Any CPU
		{5D31A25B-16A4-4C37-BDA8-200E4F5C5AE7}.Debug|Any CPU.ActiveCfg = Debug|Any CPU
		{5D31A25B-16A4-4C37-BDA8-200E4F5C5AE7}.Debug|Any CPU.Build.0 = Debug|Any CPU
		{5D31A25B-16A4-4C37-BDA8-200E4F5C5AE7}.Release|Any CPU.ActiveCfg = Release|Any CPU
		{5D31A25B-16A4-4C37-BDA8-200E4F5C5AE7}.Release|Any CPU.Build.0 = Release|Any CPU
		{D5C57EA8-A03E-4814-9DBB-E4A0B69C531A}.Debug|Any CPU.ActiveCfg = Debug|Any CPU
		{D5C57EA8-A03E-4814-9DBB-E4A0B69C531A}.Debug|Any CPU.Build.0 = Debug|Any CPU
		{D5C57EA8-A03E-4814-9DBB-E4A0B69C531A}.Release|Any CPU.ActiveCfg = Release|Any CPU
		{D5C57EA8-A03E-4814-9DBB-E4A0B69C531A}.Release|Any CPU.Build.0 = Release|Any CPU
		{685231F4-E268-4FB6-802B-08746EE904C8}.Debug|Any CPU.ActiveCfg = Debug|Any CPU
		{685231F4-E268-4FB6-802B-08746EE904C8}.Debug|Any CPU.Build.0 = Debug|Any CPU
		{685231F4-E268-4FB6-802B-08746EE904C8}.Release|Any CPU.ActiveCfg = Release|Any CPU
		{685231F4-E268-4FB6-802B-08746EE904C8}.Release|Any CPU.Build.0 = Release|Any CPU
		{1AAC9118-2795-471C-9577-D371D379F36F}.Debug|Any CPU.ActiveCfg = Debug|Any CPU
		{1AAC9118-2795-471C-9577-D371D379F36F}.Debug|Any CPU.Build.0 = Debug|Any CPU
		{1AAC9118-2795-471C-9577-D371D379F36F}.Release|Any CPU.ActiveCfg = Release|Any CPU
		{1AAC9118-2795-471C-9577-D371D379F36F}.Release|Any CPU.Build.0 = Release|Any CPU
		{209D758E-3385-43D1-9937-15D5703A0DF0}.Debug|Any CPU.ActiveCfg = Debug|Any CPU
		{209D758E-3385-43D1-9937-15D5703A0DF0}.Debug|Any CPU.Build.0 = Debug|Any CPU
		{209D758E-3385-43D1-9937-15D5703A0DF0}.Release|Any CPU.ActiveCfg = Release|Any CPU
		{209D758E-3385-43D1-9937-15D5703A0DF0}.Release|Any CPU.Build.0 = Release|Any CPU
	EndGlobalSection
	GlobalSection(SolutionProperties) = preSolution
		HideSolutionNode = FALSE
	EndGlobalSection
	GlobalSection(ExtensibilityGlobals) = postSolution
		SolutionGuid = {C8E75EC1-263F-4E19-8DD2-6BE92991636B}
	EndGlobalSection
EndGlobal
