
Microsoft Visual Studio Solution File, Format Version 12.00
# Visual Studio Version 17
VisualStudioVersion = 17.0.32014.148
MinimumVisualStudioVersion = 10.0.40219.1
Project("{9A19103F-16F7-4668-BE54-9A1E7A4F7556}") = "DevFreela.API", "DevFreela.API\DevFreela.API.csproj", "{81D2103C-17C1-4CB8-98AC-6A90744B5146}"
EndProject
Project("{9A19103F-16F7-4668-BE54-9A1E7A4F7556}") = "DevFreela.Core", "DevFreela.Core\DevFreela.Core.csproj", "{1DF20DF0-646B-452F-A1C7-70F3CF8E2FD5}"
EndProject
Project("{9A19103F-16F7-4668-BE54-9A1E7A4F7556}") = "DevFreela.Infrastructure", "DevFreela.Infrastructure\DevFreela.Infrastructure.csproj", "{B57D0ECA-9E8B-4DED-8D69-EBDB451BB5E1}"
EndProject
Project("{9A19103F-16F7-4668-BE54-9A1E7A4F7556}") = "DevFreela.Application", "DevFreela.Application\DevFreela.Application.csproj", "{24333162-F601-4D9A-964F-F4F22172D804}"
EndProject
Project("{FAE04EC0-301F-11D3-BF4B-00C04F79EFBC}") = "DevFreela.UnitTests", "DevFreela.UnitTests\DevFreela.UnitTests.csproj", "{528CD84B-F691-46B4-A889-85FC4F5EC498}"
EndProject
Global
	GlobalSection(SolutionConfigurationPlatforms) = preSolution
		Debug|Any CPU = Debug|Any CPU
		Release|Any CPU = Release|Any CPU
	EndGlobalSection
	GlobalSection(ProjectConfigurationPlatforms) = postSolution
		{81D2103C-17C1-4CB8-98AC-6A90744B5146}.Debug|Any CPU.ActiveCfg = Debug|Any CPU
		{81D2103C-17C1-4CB8-98AC-6A90744B5146}.Debug|Any CPU.Build.0 = Debug|Any CPU
		{81D2103C-17C1-4CB8-98AC-6A90744B5146}.Release|Any CPU.ActiveCfg = Release|Any CPU
		{81D2103C-17C1-4CB8-98AC-6A90744B5146}.Release|Any CPU.Build.0 = Release|Any CPU
		{1DF20DF0-646B-452F-A1C7-70F3CF8E2FD5}.Debug|Any CPU.ActiveCfg = Debug|Any CPU
		{1DF20DF0-646B-452F-A1C7-70F3CF8E2FD5}.Debug|Any CPU.Build.0 = Debug|Any CPU
		{1DF20DF0-646B-452F-A1C7-70F3CF8E2FD5}.Release|Any CPU.ActiveCfg = Release|Any CPU
		{1DF20DF0-646B-452F-A1C7-70F3CF8E2FD5}.Release|Any CPU.Build.0 = Release|Any CPU
		{B57D0ECA-9E8B-4DED-8D69-EBDB451BB5E1}.Debug|Any CPU.ActiveCfg = Debug|Any CPU
		{B57D0ECA-9E8B-4DED-8D69-EBDB451BB5E1}.Debug|Any CPU.Build.0 = Debug|Any CPU
		{B57D0ECA-9E8B-4DED-8D69-EBDB451BB5E1}.Release|Any CPU.ActiveCfg = Release|Any CPU
		{B57D0ECA-9E8B-4DED-8D69-EBDB451BB5E1}.Release|Any CPU.Build.0 = Release|Any CPU
		{24333162-F601-4D9A-964F-F4F22172D804}.Debug|Any CPU.ActiveCfg = Debug|Any CPU
		{24333162-F601-4D9A-964F-F4F22172D804}.Debug|Any CPU.Build.0 = Debug|Any CPU
		{24333162-F601-4D9A-964F-F4F22172D804}.Release|Any CPU.ActiveCfg = Release|Any CPU
		{24333162-F601-4D9A-964F-F4F22172D804}.Release|Any CPU.Build.0 = Release|Any CPU
		{528CD84B-F691-46B4-A889-85FC4F5EC498}.Debug|Any CPU.ActiveCfg = Debug|Any CPU
		{528CD84B-F691-46B4-A889-85FC4F5EC498}.Debug|Any CPU.Build.0 = Debug|Any CPU
		{528CD84B-F691-46B4-A889-85FC4F5EC498}.Release|Any CPU.ActiveCfg = Release|Any CPU
		{528CD84B-F691-46B4-A889-85FC4F5EC498}.Release|Any CPU.Build.0 = Release|Any CPU
	EndGlobalSection
	GlobalSection(SolutionProperties) = preSolution
		HideSolutionNode = FALSE
	EndGlobalSection
	GlobalSection(ExtensibilityGlobals) = postSolution
		SolutionGuid = {D160B02D-F289-46E2-9684-541ADE028C6D}
	EndGlobalSection
EndGlobal
